# This file was autogenerated by Stack.
# You should not edit this file by hand.
# For more information, please see the documentation at:
#   https://docs.haskellstack.org/en/stable/lock_files

packages:
- completed:
    hackage: Hclip-3.0.0.4@sha256:df341c936594465df25c3b9f93f6ebe3110a36d64a51dbbd1dbd557394bbdba4,1648
    pantry-tree:
      size: 205
      sha256: bc09b0acdf0ffce64e16a53ffc18d76dc05d4282433cae723402d1b8ecc01301
  original:
    hackage: Hclip-3.0.0.4@sha256:df341c936594465df25c3b9f93f6ebe3110a36d64a51dbbd1dbd557394bbdba4,1648
- completed:
    name: AppleScript
    version: 0.2.0.2
    git: https://github.com/adinapoli/haskell-AppleScript.git
    pantry-tree:
      size: 1133
      sha256: 9b7229330d9cff3ba314494137f533420f5f4dc10d529852f46da2cb7809fe90
    commit: 8919a8a4b02ae9f7b4861a42a050c8c5fdd60ed2
  original:
    git: https://github.com/adinapoli/haskell-AppleScript.git
    commit: 8919a8a4b02ae9f7b4861a42a050c8c5fdd60ed2
- completed:
    hackage: network-2.6.3.6@sha256:1ca79d81af02d7acd6032d5e6c9bde4618a8fdcfbe19bd42b49d420183975df0,2666
    pantry-tree:
      size: 2254
      sha256: 56285baa11d679521837e1f41311a1aeafa522e7637d408d3decd99c083edba1
  original:
    hackage: network-2.6.3.6@sha256:1ca79d81af02d7acd6032d5e6c9bde4618a8fdcfbe19bd42b49d420183975df0,2666
snapshots:
- completed:
    size: 567677
    url: https://raw.githubusercontent.com/commercialhaskell/stackage-snapshots/master/lts/17/14.yaml
    sha256: 3740f22286bf5e6e3d82f88125e1c708b6e27847211f956b530aa5d83cf39383
  original: lts-17.14
